%{"cowboy": {:hex, :cowboy, "1.0.0"},
  "cowlib": {:hex, :cowlib, "1.0.0"},
  "gun": {:git, "https://github.com/extend/gun", "ea2de24f18741fc89d7a1dd6a3a0a43f3ccb1fd4", []},
  "hackney": {:hex, :hackney, "0.14.3"},
  "httpoison": {:hex, :httpoison, "0.5.0"},
  "idna": {:hex, :idna, "1.0.1"},
  "linguist": {:hex, :linguist, "0.1.4"},
  "meck": {:git, "git://github.com/eproxus/meck.git", "dde759050eff19a1a80fd854d7375174b191665d", [tag: "0.8.2"]},
  "mock": {:git, "https://github.com/jjh42/mock", "9952e1b7b8a1e0ec1af15cac6a736fcdb0dcc170", []},
  "phoenix": {:hex, :phoenix, "0.6.1"},
  "plug": {:hex, :plug, "0.8.4"},
  "poison": {:hex, :poison, "1.2.0"},
  "ranch": {:hex, :ranch, "1.0.0"},
  "recon": {:hex, :recon, "2.2.0"},
  "uuid": {:hex, :uuid, "0.1.5"}}
